
Microsoft Visual Studio Solution File, Format Version 12.00
# Visual Studio Version 17
VisualStudioVersion = 17.8.34525.116
MinimumVisualStudioVersion = 10.0.40219.1
Project("{9A19103F-16F7-4668-BE54-9A1E7A4F7556}") = "BloodDonation.API", "BloodDonation.API\BloodDonation.API.csproj", "{894339D4-947D-499F-8699-1B60607E8762}"
EndProject
Project("{9A19103F-16F7-4668-BE54-9A1E7A4F7556}") = "BloodDonation.Core", "BloodDonation.Core\BloodDonation.Core.csproj", "{F9165764-F9F9-4798-A46B-03ABE7B927C7}"
EndProject
Project("{9A19103F-16F7-4668-BE54-9A1E7A4F7556}") = "BloodDonation.Infrastructure", "BloodDonation.Infrastructure\BloodDonation.Infrastructure.csproj", "{336F7C03-5D07-46A8-8DD1-245BF0DA3327}"
EndProject
Project("{FAE04EC0-301F-11D3-BF4B-00C04F79EFBC}") = "BloodDonation.Application", "BloodDonation.Application\BloodDonation.Application.csproj", "{8FF64F4D-28A7-4A8B-B2ED-CC5A2F2956DF}"
EndProject
Global
	GlobalSection(SolutionConfigurationPlatforms) = preSolution
		Debug|Any CPU = Debug|Any CPU
		Release|Any CPU = Release|Any CPU
	EndGlobalSection
	GlobalSection(ProjectConfigurationPlatforms) = postSolution
		{894339D4-947D-499F-8699-1B60607E8762}.Debug|Any CPU.ActiveCfg = Debug|Any CPU
		{894339D4-947D-499F-8699-1B60607E8762}.Debug|Any CPU.Build.0 = Debug|Any CPU
		{894339D4-947D-499F-8699-1B60607E8762}.Release|Any CPU.ActiveCfg = Release|Any CPU
		{894339D4-947D-499F-8699-1B60607E8762}.Release|Any CPU.Build.0 = Release|Any CPU
		{F9165764-F9F9-4798-A46B-03ABE7B927C7}.Debug|Any CPU.ActiveCfg = Debug|Any CPU
		{F9165764-F9F9-4798-A46B-03ABE7B927C7}.Debug|Any CPU.Build.0 = Debug|Any CPU
		{F9165764-F9F9-4798-A46B-03ABE7B927C7}.Release|Any CPU.ActiveCfg = Release|Any CPU
		{F9165764-F9F9-4798-A46B-03ABE7B927C7}.Release|Any CPU.Build.0 = Release|Any CPU
		{336F7C03-5D07-46A8-8DD1-245BF0DA3327}.Debug|Any CPU.ActiveCfg = Debug|Any CPU
		{336F7C03-5D07-46A8-8DD1-245BF0DA3327}.Debug|Any CPU.Build.0 = Debug|Any CPU
		{336F7C03-5D07-46A8-8DD1-245BF0DA3327}.Release|Any CPU.ActiveCfg = Release|Any CPU
		{336F7C03-5D07-46A8-8DD1-245BF0DA3327}.Release|Any CPU.Build.0 = Release|Any CPU
		{8FF64F4D-28A7-4A8B-B2ED-CC5A2F2956DF}.Debug|Any CPU.ActiveCfg = Debug|Any CPU
		{8FF64F4D-28A7-4A8B-B2ED-CC5A2F2956DF}.Debug|Any CPU.Build.0 = Debug|Any CPU
		{8FF64F4D-28A7-4A8B-B2ED-CC5A2F2956DF}.Release|Any CPU.ActiveCfg = Release|Any CPU
		{8FF64F4D-28A7-4A8B-B2ED-CC5A2F2956DF}.Release|Any CPU.Build.0 = Release|Any CPU
	EndGlobalSection
	GlobalSection(SolutionProperties) = preSolution
		HideSolutionNode = FALSE
	EndGlobalSection
	GlobalSection(ExtensibilityGlobals) = postSolution
		SolutionGuid = {8E95C2E1-6DD2-47B9-8F30-4DDE1F492313}
	EndGlobalSection
EndGlobal
